// !$*UTF8*$!
{
	archiveVersion = 1;
	classes = {
	};
	objectVersion = 46;
	objects = {

/* Begin PBXBuildFile section */
		901223C81C04AB9600D00A90 /* main.m in Sources */ = {isa = PBXBuildFile; fileRef = 901223C71C04AB9600D00A90 /* main.m */; };
		901223CB1C04AB9600D00A90 /* AppDelegate.m in Sources */ = {isa = PBXBuildFile; fileRef = 901223CA1C04AB9600D00A90 /* AppDelegate.m */; };
		901223CE1C04AB9600D00A90 /* ViewController.m in Sources */ = {isa = PBXBuildFile; fileRef = 901223CD1C04AB9600D00A90 /* ViewController.m */; };
		901223D11C04AB9600D00A90 /* Main.storyboard in Resources */ = {isa = PBXBuildFile; fileRef = 901223CF1C04AB9600D00A90 /* Main.storyboard */; };
		901223D31C04AB9600D00A90 /* Assets.xcassets in Resources */ = {isa = PBXBuildFile; fileRef = 901223D21C04AB9600D00A90 /* Assets.xcassets */; };
		901223D61C04AB9600D00A90 /* LaunchScreen.storyboard in Resources */ = {isa = PBXBuildFile; fileRef = 901223D41C04AB9600D00A90 /* LaunchScreen.storyboard */; };
		901223F21C04B0B300D00A90 /* FLSAlbumViewController.m in Sources */ = {isa = PBXBuildFile; fileRef = 901223EB1C04B0B300D00A90 /* FLSAlbumViewController.m */; };
		901223F31C04B0B300D00A90 /* FLSAssetsTableViewCell.m in Sources */ = {isa = PBXBuildFile; fileRef = 901223ED1C04B0B300D00A90 /* FLSAssetsTableViewCell.m */; };
		901223F41C04B0B300D00A90 /* FLSImagePickerController.m in Sources */ = {isa = PBXBuildFile; fileRef = 901223EF1C04B0B300D00A90 /* FLSImagePickerController.m */; };
		901223F51C04B0B300D00A90 /* FLSImageViewController.m in Sources */ = {isa = PBXBuildFile; fileRef = 901223F11C04B0B300D00A90 /* FLSImageViewController.m */; };
		901223F71C04C14800D00A90 /* Podfile in Resources */ = {isa = PBXBuildFile; fileRef = 901223F61C04C14800D00A90 /* Podfile */; };
/* End PBXBuildFile section */

/* Begin PBXFileReference section */
		901223C31C04AB9600D00A90 /* FLSImagePicker_Demo.app */ = {isa = PBXFileReference; explicitFileType = wrapper.application; includeInIndex = 0; path = FLSImagePicker_Demo.app; sourceTree = BUILT_PRODUCTS_DIR; };
		901223C71C04AB9600D00A90 /* main.m */ = {isa = PBXFileReference; lastKnownFileType = sourcecode.c.objc; path = main.m; sourceTree = "<group>"; };
		901223C91C04AB9600D00A90 /* AppDelegate.h */ = {isa = PBXFileReference; lastKnownFileType = sourcecode.c.h; path = AppDelegate.h; sourceTree = "<group>"; };
		901223CA1C04AB9600D00A90 /* AppDelegate.m */ = {isa = PBXFileReference; lastKnownFileType = sourcecode.c.objc; path = AppDelegate.m; sourceTree = "<group>"; };
		901223CC1C04AB9600D00A90 /* ViewController.h */ = {isa = PBXFileReference; lastKnownFileType = sourcecode.c.h; path = ViewController.h; sourceTree = "<group>"; };
		901223CD1C04AB9600D00A90 /* ViewController.m */ = {isa = PBXFileReference; lastKnownFileType = sourcecode.c.objc; path = ViewController.m; sourceTree = "<group>"; };
		901223D01C04AB9600D00A90 /* Base */ = {isa = PBXFileReference; lastKnownFileType = file.storyboard; name = Base; path = Base.lproj/Main.storyboard; sourceTree = "<group>"; };
		901223D21C04AB9600D00A90 /* Assets.xcassets */ = {isa = PBXFileReference; lastKnownFileType = folder.assetcatalog; path = Assets.xcassets; sourceTree = "<group>"; };
		901223D51C04AB9600D00A90 /* Base */ = {isa = PBXFileReference; lastKnownFileType = file.storyboard; name = Base; path = Base.lproj/LaunchScreen.storyboard; sourceTree = "<group>"; };
		901223D71C04AB9600D00A90 /* Info.plist */ = {isa = PBXFileReference; lastKnownFileType = text.plist.xml; path = Info.plist; sourceTree = "<group>"; };
		901223EA1C04B0B300D00A90 /* FLSAlbumViewController.h */ = {isa = PBXFileReference; fileEncoding = 4; lastKnownFileType = sourcecode.c.h; name = FLSAlbumViewController.h; path = FLSImagePicker/FLSAlbumViewController.h; sourceTree = "<group>"; };
		901223EB1C04B0B300D00A90 /* FLSAlbumViewController.m */ = {isa = PBXFileReference; fileEncoding = 4; lastKnownFileType = sourcecode.c.objc; name = FLSAlbumViewController.m; path = FLSImagePicker/FLSAlbumViewController.m; sourceTree = "<group>"; };
		901223EC1C04B0B300D00A90 /* FLSAssetsTableViewCell.h */ = {isa = PBXFileReference; fileEncoding = 4; lastKnownFileType = sourcecode.c.h; name = FLSAssetsTableViewCell.h; path = FLSImagePicker/FLSAssetsTableViewCell.h; sourceTree = "<group>"; };
		901223ED1C04B0B300D00A90 /* FLSAssetsTableViewCell.m */ = {isa = PBXFileReference; fileEncoding = 4; lastKnownFileType = sourcecode.c.objc; name = FLSAssetsTableViewCell.m; path = FLSImagePicker/FLSAssetsTableViewCell.m; sourceTree = "<group>"; };
		901223EE1C04B0B300D00A90 /* FLSImagePickerController.h */ = {isa = PBXFileReference; fileEncoding = 4; lastKnownFileType = sourcecode.c.h; name = FLSImagePickerController.h; path = FLSImagePicker/FLSImagePickerController.h; sourceTree = "<group>"; };
		901223EF1C04B0B300D00A90 /* FLSImagePickerController.m */ = {isa = PBXFileReference; fileEncoding = 4; lastKnownFileType = sourcecode.c.objc; name = FLSImagePickerController.m; path = FLSImagePicker/FLSImagePickerController.m; sourceTree = "<group>"; };
		901223F01C04B0B300D00A90 /* FLSImageViewController.h */ = {isa = PBXFileReference; fileEncoding = 4; lastKnownFileType = sourcecode.c.h; name = FLSImageViewController.h; path = FLSImagePicker/FLSImageViewController.h; sourceTree = "<group>"; };
		901223F11C04B0B300D00A90 /* FLSImageViewController.m */ = {isa = PBXFileReference; fileEncoding = 4; lastKnownFileType = sourcecode.c.objc; name = FLSImageViewController.m; path = FLSImagePicker/FLSImageViewController.m; sourceTree = "<group>"; };
		901223F61C04C14800D00A90 /* Podfile */ = {isa = PBXFileReference; fileEncoding = 4; lastKnownFileType = text; name = Podfile; path = ../FLSImagePicker_Demo/Podfile; sourceTree = "<group>"; };
/* End PBXFileReference section */

/* Begin PBXFrameworksBuildPhase section */
		901223C01C04AB9600D00A90 /* Frameworks */ = {
			isa = PBXFrameworksBuildPhase;
			buildActionMask = 2147483647;
			files = (
			);
			runOnlyForDeploymentPostprocessing = 0;
		};
/* End PBXFrameworksBuildPhase section */

/* Begin PBXGroup section */
		901223BA1C04AB9600D00A90 = {
			isa = PBXGroup;
			children = (
				901223C51C04AB9600D00A90 /* FLSImagePicker_Demo */,
				901223F61C04C14800D00A90 /* Podfile */,
				901223C41C04AB9600D00A90 /* Products */,
			);
			sourceTree = "<group>";
		};
		901223C41C04AB9600D00A90 /* Products */ = {
			isa = PBXGroup;
			children = (
				901223C31C04AB9600D00A90 /* FLSImagePicker_Demo.app */,
			);
			name = Products;
			sourceTree = "<group>";
		};
		901223C51C04AB9600D00A90 /* FLSImagePicker_Demo */ = {
			isa = PBXGroup;
			children = (
				901223DD1C04B06100D00A90 /* FLSImagePicker */,
				901223C91C04AB9600D00A90 /* AppDelegate.h */,
				901223CA1C04AB9600D00A90 /* AppDelegate.m */,
				901223CC1C04AB9600D00A90 /* ViewController.h */,
				901223CD1C04AB9600D00A90 /* ViewController.m */,
				901223CF1C04AB9600D00A90 /* Main.storyboard */,
				901223D21C04AB9600D00A90 /* Assets.xcassets */,
				901223D41C04AB9600D00A90 /* LaunchScreen.storyboard */,
				901223D71C04AB9600D00A90 /* Info.plist */,
				901223C61C04AB9600D00A90 /* Supporting Files */,
			);
			path = FLSImagePicker_Demo;
			sourceTree = "<group>";
		};
		901223C61C04AB9600D00A90 /* Supporting Files */ = {
			isa = PBXGroup;
			children = (
				901223C71C04AB9600D00A90 /* main.m */,
			);
			name = "Supporting Files";
			sourceTree = "<group>";
		};
		901223DD1C04B06100D00A90 /* FLSImagePicker */ = {
			isa = PBXGroup;
			children = (
				901223EA1C04B0B300D00A90 /* FLSAlbumViewController.h */,
				901223EB1C04B0B300D00A90 /* FLSAlbumViewController.m */,
				901223EC1C04B0B300D00A90 /* FLSAssetsTableViewCell.h */,
				901223ED1C04B0B300D00A90 /* FLSAssetsTableViewCell.m */,
				901223EE1C04B0B300D00A90 /* FLSImagePickerController.h */,
				901223EF1C04B0B300D00A90 /* FLSImagePickerController.m */,
				901223F01C04B0B300D00A90 /* FLSImageViewController.h */,
				901223F11C04B0B300D00A90 /* FLSImageViewController.m */,
			);
			name = FLSImagePicker;
			sourceTree = "<group>";
		};
/* End PBXGroup section */

/* Begin PBXNativeTarget section */
		901223C21C04AB9600D00A90 /* FLSImagePicker_Demo */ = {
			isa = PBXNativeTarget;
			buildConfigurationList = 901223DA1C04AB9600D00A90 /* Build configuration list for PBXNativeTarget "FLSImagePicker_Demo" */;
			buildPhases = (
				901223BF1C04AB9600D00A90 /* Sources */,
				901223C01C04AB9600D00A90 /* Frameworks */,
				901223C11C04AB9600D00A90 /* Resources */,
			);
			buildRules = (
			);
			dependencies = (
			);
			name = FLSImagePicker_Demo;
			productName = FLSImagePicker_Demo;
			productReference = 901223C31C04AB9600D00A90 /* FLSImagePicker_Demo.app */;
			productType = "com.apple.product-type.application";
		};
/* End PBXNativeTarget section */

/* Begin PBXProject section */
		901223BB1C04AB9600D00A90 /* Project object */ = {
			isa = PBXProject;
			attributes = {
				LastUpgradeCheck = 0710;
				ORGANIZATIONNAME = EBogomolov;
				TargetAttributes = {
					901223C21C04AB9600D00A90 = {
						CreatedOnToolsVersion = 7.1.1;
					};
				};
			};
			buildConfigurationList = 901223BE1C04AB9600D00A90 /* Build configuration list for PBXProject "FLSImagePicker_Demo" */;
			compatibilityVersion = "Xcode 3.2";
			developmentRegion = English;
			hasScannedForEncodings = 0;
			knownRegions = (
				en,
				Base,
			);
			mainGroup = 901223BA1C04AB9600D00A90;
			productRefGroup = 901223C41C04AB9600D00A90 /* Products */;
			projectDirPath = "";
			projectRoot = "";
			targets = (
				901223C21C04AB9600D00A90 /* FLSImagePicker_Demo */,
			);
		};
/* End PBXProject section */

/* Begin PBXResourcesBuildPhase section */
		901223C11C04AB9600D00A90 /* Resources */ = {
			isa = PBXResourcesBuildPhase;
			buildActionMask = 2147483647;
			files = (
				901223D61C04AB9600D00A90 /* LaunchScreen.storyboard in Resources */,
				901223D31C04AB9600D00A90 /* Assets.xcassets in Resources */,
				901223F71C04C14800D00A90 /* Podfile in Resources */,
				901223D11C04AB9600D00A90 /* Main.storyboard in Resources */,
			);
			runOnlyForDeploymentPostprocessing = 0;
		};
/* End PBXResourcesBuildPhase section */

/* Begin PBXSourcesBuildPhase section */
		901223BF1C04AB9600D00A90 /* Sources */ = {
			isa = PBXSourcesBuildPhase;
			buildActionMask = 2147483647;
			files = (
				901223F51C04B0B300D00A90 /* FLSImageViewController.m in Sources */,
				901223F21C04B0B300D00A90 /* FLSAlbumViewController.m in Sources */,
				901223CE1C04AB9600D00A90 /* ViewController.m in Sources */,
				901223CB1C04AB9600D00A90 /* AppDelegate.m in Sources */,
				901223F31C04B0B300D00A90 /* FLSAssetsTableViewCell.m in Sources */,
				901223C81C04AB9600D00A90 /* main.m in Sources */,
				901223F41C04B0B300D00A90 /* FLSImagePickerController.m in Sources */,
			);
			runOnlyForDeploymentPostprocessing = 0;
		};
/* End PBXSourcesBuildPhase section */

/* Begin PBXVariantGroup section */
		901223CF1C04AB9600D00A90 /* Main.storyboard */ = {
			isa = PBXVariantGroup;
			children = (
				901223D01C04AB9600D00A90 /* Base */,
			);
			name = Main.storyboard;
			sourceTree = "<group>";
		};
		901223D41C04AB9600D00A90 /* LaunchScreen.storyboard */ = {
			isa = PBXVariantGroup;
			children = (
				901223D51C04AB9600D00A90 /* Base */,
			);
			name = LaunchScreen.storyboard;
			sourceTree = "<group>";
		};
/* End PBXVariantGroup section */

/* Begin XCBuildConfiguration section */
		901223D81C04AB9600D00A90 /* Debug */ = {
			isa = XCBuildConfiguration;
			buildSettings = {
				ALWAYS_SEARCH_USER_PATHS = NO;
				CLANG_CXX_LANGUAGE_STANDARD = "gnu++0x";
				CLANG_CXX_LIBRARY = "libc++";
				CLANG_ENABLE_MODULES = YES;
				CLANG_ENABLE_OBJC_ARC = YES;
				CLANG_WARN_BOOL_CONVERSION = YES;
				CLANG_WARN_CONSTANT_CONVERSION = YES;
				CLANG_WARN_DIRECT_OBJC_ISA_USAGE = YES_ERROR;
				CLANG_WARN_EMPTY_BODY = YES;
				CLANG_WARN_ENUM_CONVERSION = YES;
				CLANG_WARN_INT_CONVERSION = YES;
				CLANG_WARN_OBJC_ROOT_CLASS = YES_ERROR;
				CLANG_WARN_UNREACHABLE_CODE = YES;
				CLANG_WARN__DUPLICATE_METHOD_MATCH = YES;
				"CODE_SIGN_IDENTITY[sdk=iphoneos*]" = "iPhone Developer";
				COPY_PHASE_STRIP = NO;
				DEBUG_INFORMATION_FORMAT = dwarf;
				ENABLE_STRICT_OBJC_MSGSEND = YES;
				ENABLE_TESTABILITY = YES;
				GCC_C_LANGUAGE_STANDARD = gnu99;
				GCC_DYNAMIC_NO_PIC = NO;
				GCC_NO_COMMON_BLOCKS = YES;
				GCC_OPTIMIZATION_LEVEL = 0;
				GCC_PREPROCESSOR_DEFINITIONS = (
					"DEBUG=1",
					"$(inherited)",
				);
				GCC_WARN_64_TO_32_BIT_CONVERSION = YES;
				GCC_WARN_ABOUT_RETURN_TYPE = YES_ERROR;
				GCC_WARN_UNDECLARED_SELECTOR = YES;
				GCC_WARN_UNINITIALIZED_AUTOS = YES_AGGRESSIVE;
				GCC_WARN_UNUSED_FUNCTION = YES;
				GCC_WARN_UNUSED_VARIABLE = YES;
				IPHONEOS_DEPLOYMENT_TARGET = 9.1;
				MTL_ENABLE_DEBUG_INFO = YES;
				ONLY_ACTIVE_ARCH = YES;
				SDKROOT = iphoneos;
				TARGETED_DEVICE_FAMILY = "1,2";
			};
			name = Debug;
		};
		901223D91C04AB9600D00A90 /* Release */ = {
			isa = XCBuildConfiguration;
			buildSettings = {
				ALWAYS_SEARCH_USER_PATHS = NO;
				CLANG_CXX_LANGUAGE_STANDARD = "gnu++0x";
				CLANG_CXX_LIBRARY = "libc++";
				CLANG_ENABLE_MODULES = YES;
				CLANG_ENABLE_OBJC_ARC = YES;
				CLANG_WARN_BOOL_CONVERSION = YES;
				CLANG_WARN_CONSTANT_CONVERSION = YES;
				CLANG_WARN_DIRECT_OBJC_ISA_USAGE = YES_ERROR;
				CLANG_WARN_EMPTY_BODY = YES;
				CLANG_WARN_ENUM_CONVERSION = YES;
				CLANG_WARN_INT_CONVERSION = YES;
				CLANG_WARN_OBJC_ROOT_CLASS = YES_ERROR;
				CLANG_WARN_UNREACHABLE_CODE = YES;
				CLANG_WARN__DUPLICATE_METHOD_MATCH = YES;
				"CODE_SIGN_IDENTITY[sdk=iphoneos*]" = "iPhone Developer";
				COPY_PHASE_STRIP = NO;
				DEBUG_INFORMATION_FORMAT = "dwarf-with-dsym";
				ENABLE_NS_ASSERTIONS = NO;
				ENABLE_STRICT_OBJC_MSGSEND = YES;
				GCC_C_LANGUAGE_STANDARD = gnu99;
				GCC_NO_COMMON_BLOCKS = YES;
				GCC_WARN_64_TO_32_BIT_CONVERSION = YES;
				GCC_WARN_ABOUT_RETURN_TYPE = YES_ERROR;
				GCC_WARN_UNDECLARED_SELECTOR = YES;
				GCC_WARN_UNINITIALIZED_AUTOS = YES_AGGRESSIVE;
				GCC_WARN_UNUSED_FUNCTION = YES;
				GCC_WARN_UNUSED_VARIABLE = YES;
				IPHONEOS_DEPLOYMENT_TARGET = 9.1;
				MTL_ENABLE_DEBUG_INFO = NO;
				SDKROOT = iphoneos;
				TARGETED_DEVICE_FAMILY = "1,2";
				VALIDATE_PRODUCT = YES;
			};
			name = Release;
		};
		901223DB1C04AB9600D00A90 /* Debug */ = {
			isa = XCBuildConfiguration;
			buildSettings = {
				ASSETCATALOG_COMPILER_APPICON_NAME = AppIcon;
				INFOPLIST_FILE = FLSImagePicker_Demo/Info.plist;
				IPHONEOS_DEPLOYMENT_TARGET = 8.0;
				LD_RUNPATH_SEARCH_PATHS = "$(inherited) @executable_path/Frameworks";
				PRODUCT_BUNDLE_IDENTIFIER = "FLS.FLSImagePicker-Demo";
				PRODUCT_NAME = "$(TARGET_NAME)";
			};
			name = Debug;
		};
		901223DC1C04AB9600D00A90 /* Release */ = {
			isa = XCBuildConfiguration;
			buildSettings = {
				ASSETCATALOG_COMPILER_APPICON_NAME = AppIcon;
				INFOPLIST_FILE = FLSImagePicker_Demo/Info.plist;
				IPHONEOS_DEPLOYMENT_TARGET = 8.0;
				LD_RUNPATH_SEARCH_PATHS = "$(inherited) @executable_path/Frameworks";
				PRODUCT_BUNDLE_IDENTIFIER = "FLS.FLSImagePicker-Demo";
				PRODUCT_NAME = "$(TARGET_NAME)";
			};
			name = Release;
		};
/* End XCBuildConfiguration section */

/* Begin XCConfigurationList section */
		901223BE1C04AB9600D00A90 /* Build configuration list for PBXProject "FLSImagePicker_Demo" */ = {
			isa = XCConfigurationList;
			buildConfigurations = (
				901223D81C04AB9600D00A90 /* Debug */,
				901223D91C04AB9600D00A90 /* Release */,
			);
			defaultConfigurationIsVisible = 0;
			defaultConfigurationName = Release;
		};
		901223DA1C04AB9600D00A90 /* Build configuration list for PBXNativeTarget "FLSImagePicker_Demo" */ = {
			isa = XCConfigurationList;
			buildConfigurations = (
				901223DB1C04AB9600D00A90 /* Debug */,
				901223DC1C04AB9600D00A90 /* Release */,
			);
			defaultConfigurationIsVisible = 0;
			defaultConfigurationName = Release;
		};
/* End XCConfigurationList section */
	};
	rootObject = 901223BB1C04AB9600D00A90 /* Project object */;
}
